
Microsoft Visual Studio Solution File, Format Version 12.00
# Visual Studio Version 17
VisualStudioVersion = 17.5.33516.290
MinimumVisualStudioVersion = 10.0.40219.1
Project("{FAE04EC0-301F-11D3-BF4B-00C04F79EFBC}") = "ThrowToSlot", "ThrowToSlot\ThrowToSlot.csproj", "{B84D1350-E65F-42CB-9277-E260E4951BE1}"
EndProject
Global
	GlobalSection(SolutionConfigurationPlatforms) = preSolution
		Debug|Any CPU = Debug|Any CPU
		Release|Any CPU = Release|Any CPU
	EndGlobalSection
	GlobalSection(ProjectConfigurationPlatforms) = postSolution
		{B84D1350-E65F-42CB-9277-E260E4951BE1}.Debug|Any CPU.ActiveCfg = Debug|Any CPU
		{B84D1350-E65F-42CB-9277-E260E4951BE1}.Debug|Any CPU.Build.0 = Debug|Any CPU
		{B84D1350-E65F-42CB-9277-E260E4951BE1}.Release|Any CPU.ActiveCfg = Release|Any CPU
		{B84D1350-E65F-42CB-9277-E260E4951BE1}.Release|Any CPU.Build.0 = Release|Any CPU
	EndGlobalSection
	GlobalSection(SolutionProperties) = preSolution
		HideSolutionNode = FALSE
	EndGlobalSection
	GlobalSection(ExtensibilityGlobals) = postSolution
		SolutionGuid = {15AEFEF8-2321-4C66-A2F8-379D3810C3D1}
	EndGlobalSection
EndGlobal
